
Microsoft Visual Studio Solution File, Format Version 12.00
# Visual Studio 15
VisualStudioVersion = 15.0.27004.2005
MinimumVisualStudioVersion = 10.0.40219.1
Project("{FAE04EC0-301F-11D3-BF4B-00C04F79EFBC}") = "DataUploader", "DataUploader\DataUploader.csproj", "{6B82B2C3-F42F-47B1-B7B0-534350A901EF}"
EndProject
Global
	GlobalSection(SolutionConfigurationPlatforms) = preSolution
		Debug|Any CPU = Debug|Any CPU
		Release|Any CPU = Release|Any CPU
	EndGlobalSection
	GlobalSection(ProjectConfigurationPlatforms) = postSolution
		{6B82B2C3-F42F-47B1-B7B0-534350A901EF}.Debug|Any CPU.ActiveCfg = Debug|Any CPU
		{6B82B2C3-F42F-47B1-B7B0-534350A901EF}.Debug|Any CPU.Build.0 = Debug|Any CPU
		{6B82B2C3-F42F-47B1-B7B0-534350A901EF}.Release|Any CPU.ActiveCfg = Release|Any CPU
		{6B82B2C3-F42F-47B1-B7B0-534350A901EF}.Release|Any CPU.Build.0 = Release|Any CPU
	EndGlobalSection
	GlobalSection(SolutionProperties) = preSolution
		HideSolutionNode = FALSE
	EndGlobalSection
	GlobalSection(ExtensibilityGlobals) = postSolution
		SolutionGuid = {FEC6087D-23BB-4734-A193-BFA3687DBC4D}
	EndGlobalSection
	GlobalSection(TeamFoundationVersionControl) = preSolution
		SccNumberOfProjects = 2
		SccEnterpriseProvider = {4CA58AB2-18FA-4F8D-95D4-32DDF27D184C}
		SccTeamFoundationServer = http://sql01:8080/tfs/fpt-webapplications
		SccLocalPath0 = .
		SccProjectUniqueName1 = DataUploader\\DataUploader.csproj
		SccProjectName1 = DataUploader
		SccLocalPath1 = DataUploader
	EndGlobalSection
EndGlobal
