
Microsoft Visual Studio Solution File, Format Version 12.00
# Visual Studio 15
VisualStudioVersion = 15.0.26430.12
MinimumVisualStudioVersion = 10.0.40219.1
Project("{FAE04EC0-301F-11D3-BF4B-00C04F79EFBC}") = "ComponentInterfaces", "ComponentInterfaces\ComponentInterfaces.csproj", "{926756E8-7D6B-4B33-8EEB-7BC1F8B8FA67}"
EndProject
Global
	GlobalSection(SolutionConfigurationPlatforms) = preSolution
		Debug|Any CPU = Debug|Any CPU
		Release|Any CPU = Release|Any CPU
	EndGlobalSection
	GlobalSection(ProjectConfigurationPlatforms) = postSolution
		{926756E8-7D6B-4B33-8EEB-7BC1F8B8FA67}.Debug|Any CPU.ActiveCfg = Debug|Any CPU
		{926756E8-7D6B-4B33-8EEB-7BC1F8B8FA67}.Debug|Any CPU.Build.0 = Debug|Any CPU
		{926756E8-7D6B-4B33-8EEB-7BC1F8B8FA67}.Release|Any CPU.ActiveCfg = Release|Any CPU
		{926756E8-7D6B-4B33-8EEB-7BC1F8B8FA67}.Release|Any CPU.Build.0 = Release|Any CPU
	EndGlobalSection
	GlobalSection(SolutionProperties) = preSolution
		HideSolutionNode = FALSE
	EndGlobalSection
	GlobalSection(TeamFoundationVersionControl) = preSolution
		SccNumberOfProjects = 2
		SccEnterpriseProvider = {4CA58AB2-18FA-4F8D-95D4-32DDF27D184C}
		SccTeamFoundationServer = http://sql01:8080/tfs/fpt-webapplications
		SccLocalPath0 = .
		SccProjectUniqueName1 = ComponentInterfaces\\ComponentInterfaces.csproj
		SccProjectName1 = ComponentInterfaces
		SccLocalPath1 = ComponentInterfaces
	EndGlobalSection
EndGlobal
