
Microsoft Visual Studio Solution File, Format Version 12.00
# Visual Studio 15
VisualStudioVersion = 15.0.27130.0
MinimumVisualStudioVersion = 10.0.40219.1
Project("{FAE04EC0-301F-11D3-BF4B-00C04F79EFBC}") = "LunaticAdapter", "LunaticAdapter\LunaticAdapter.csproj", "{97278D09-078D-43B7-8770-1D5F971E023C}"
EndProject
Global
	GlobalSection(SolutionConfigurationPlatforms) = preSolution
		Debug|Any CPU = Debug|Any CPU
		Release|Any CPU = Release|Any CPU
	EndGlobalSection
	GlobalSection(ProjectConfigurationPlatforms) = postSolution
		{97278D09-078D-43B7-8770-1D5F971E023C}.Debug|Any CPU.ActiveCfg = Debug|Any CPU
		{97278D09-078D-43B7-8770-1D5F971E023C}.Debug|Any CPU.Build.0 = Debug|Any CPU
		{97278D09-078D-43B7-8770-1D5F971E023C}.Release|Any CPU.ActiveCfg = Release|Any CPU
		{97278D09-078D-43B7-8770-1D5F971E023C}.Release|Any CPU.Build.0 = Release|Any CPU
	EndGlobalSection
	GlobalSection(SolutionProperties) = preSolution
		HideSolutionNode = FALSE
	EndGlobalSection
	GlobalSection(ExtensibilityGlobals) = postSolution
		SolutionGuid = {F18C09BE-E998-43DA-BC41-E22FC82C5D38}
	EndGlobalSection
	GlobalSection(TeamFoundationVersionControl) = preSolution
		SccNumberOfProjects = 2
		SccEnterpriseProvider = {4CA58AB2-18FA-4F8D-95D4-32DDF27D184C}
		SccTeamFoundationServer = http://sql01:8080/tfs/fpt-webapplications
		SccLocalPath0 = .
		SccProjectUniqueName1 = LunaticAdapter\\LunaticAdapter.csproj
		SccProjectName1 = LunaticAdapter
		SccLocalPath1 = LunaticAdapter
	EndGlobalSection
EndGlobal
